
Microsoft Visual Studio Solution File, Format Version 12.00
# Visual Studio 15
VisualStudioVersion = 15.0.28307.136
MinimumVisualStudioVersion = 10.0.40219.1
Project("{FAE04EC0-301F-11D3-BF4B-00C04F79EFBC}") = "solid_macro", "solid_macro.csproj", "{88C1BE62-45FD-487A-BD81-8EA9E1F097F8}"
EndProject
Global
	GlobalSection(SolutionConfigurationPlatforms) = preSolution
		Debug|Any CPU = Debug|Any CPU
		Release|Any CPU = Release|Any CPU
	EndGlobalSection
	GlobalSection(ProjectConfigurationPlatforms) = postSolution
		{88C1BE62-45FD-487A-BD81-8EA9E1F097F8}.Debug|Any CPU.ActiveCfg = Debug|Any CPU
		{88C1BE62-45FD-487A-BD81-8EA9E1F097F8}.Debug|Any CPU.Build.0 = Debug|Any CPU
		{88C1BE62-45FD-487A-BD81-8EA9E1F097F8}.Release|Any CPU.ActiveCfg = Release|Any CPU
		{88C1BE62-45FD-487A-BD81-8EA9E1F097F8}.Release|Any CPU.Build.0 = Release|Any CPU
	EndGlobalSection
	GlobalSection(SolutionProperties) = preSolution
		HideSolutionNode = FALSE
	EndGlobalSection
	GlobalSection(ExtensibilityGlobals) = postSolution
		SolutionGuid = {90A562DF-AB4D-495D-96E6-8F1B4630624B}
	EndGlobalSection
EndGlobal
